
Microsoft Visual Studio Solution File, Format Version 12.00
# Visual Studio 2012
Project("{FAE04EC0-301F-11D3-BF4B-00C04F79EFBC}") = "MineSweeper 2", "MineSweeper 2\MineSweeper 2.csproj", "{3B1B1454-13B8-428B-81C1-24D538B490C7}"
EndProject
Global
	GlobalSection(SolutionConfigurationPlatforms) = preSolution
		Debug|Any CPU = Debug|Any CPU
		Release|Any CPU = Release|Any CPU
	EndGlobalSection
	GlobalSection(ProjectConfigurationPlatforms) = postSolution
		{3B1B1454-13B8-428B-81C1-24D538B490C7}.Debug|Any CPU.ActiveCfg = Debug|Any CPU
		{3B1B1454-13B8-428B-81C1-24D538B490C7}.Debug|Any CPU.Build.0 = Debug|Any CPU
		{3B1B1454-13B8-428B-81C1-24D538B490C7}.Release|Any CPU.ActiveCfg = Release|Any CPU
		{3B1B1454-13B8-428B-81C1-24D538B490C7}.Release|Any CPU.Build.0 = Release|Any CPU
	EndGlobalSection
	GlobalSection(SolutionProperties) = preSolution
		HideSolutionNode = FALSE
	EndGlobalSection
EndGlobal
